
Microsoft Visual Studio Solution File, Format Version 11.00
# Visual Studio 2010
Project("{FAE04EC0-301F-11D3-BF4B-00C04F79EFBC}") = "Store.Core", "app\Store.Core\Store.Core.csproj", "{7696B4F6-2A10-40C4-A1E2-B9768182588C}"
EndProject
Project("{FAE04EC0-301F-11D3-BF4B-00C04F79EFBC}") = "Store.ApplicationServices", "app\Store.ApplicationServices\Store.ApplicationServices.csproj", "{EA00777D-3D7A-4406-8BFB-E5A90CF0E8A9}"
EndProject
Project("{FAE04EC0-301F-11D3-BF4B-00C04F79EFBC}") = "Store.Data", "app\Store.Data\Store.Data.csproj", "{63E9AECE-3385-44F0-BDF9-4C01DD3C0647}"
EndProject
Project("{FAE04EC0-301F-11D3-BF4B-00C04F79EFBC}") = "Store.Web.Controllers", "app\Store.Web.Controllers\Store.Web.Controllers.csproj", "{518B2E4B-2B9B-48EF-8736-DDB6A0F78E79}"
EndProject
Project("{FAE04EC0-301F-11D3-BF4B-00C04F79EFBC}") = "Store.Web", "app\Store.Web\Store.Web.csproj", "{CD7332DD-EA9E-462E-8BEF-492354A7837B}"
EndProject
Project("{2150E333-8FDC-42A3-9474-1A3956D46DE8}") = "Presentation", "Presentation", "{12F0EA81-0AA7-4385-83EF-BF345801874F}"
EndProject
Project("{2150E333-8FDC-42A3-9474-1A3956D46DE8}") = "Services", "Services", "{47B97556-4DF3-4B11-B695-EBD1F6693082}"
EndProject
Project("{2150E333-8FDC-42A3-9474-1A3956D46DE8}") = "Domain", "Domain", "{E6A15AAD-2D86-42C0-B97E-B76B726D877C}"
EndProject
Project("{2150E333-8FDC-42A3-9474-1A3956D46DE8}") = "Infrastructure", "Infrastructure", "{F666A226-7FC4-4882-A0CC-A662B1678394}"
EndProject
Project("{2150E333-8FDC-42A3-9474-1A3956D46DE8}") = "lib", "lib", "{D6E51609-7DE0-4DE1-8A88-CF31AADD83D3}"
	ProjectSection(SolutionItems) = preProject
		lib\Antlr3.Runtime.dll = lib\Antlr3.Runtime.dll
		lib\Castle.Core.dll = lib\Castle.Core.dll
		lib\Castle.Windsor.dll = lib\Castle.Windsor.dll
		lib\Common.Logging.dll = lib\Common.Logging.dll
		lib\CommonServiceLocator.WindsorAdapter.dll = lib\CommonServiceLocator.WindsorAdapter.dll
		lib\FluentNHibernate.dll = lib\FluentNHibernate.dll
		lib\Iesi.Collections.dll = lib\Iesi.Collections.dll
		lib\Iesi.Collections.license.txt = lib\Iesi.Collections.license.txt
		lib\Inflector.Net.dll = lib\Inflector.Net.dll
		lib\log4net.dll = lib\log4net.dll
		lib\log4net.license.txt = lib\log4net.license.txt
		lib\Microsoft.Practices.ServiceLocation.dll = lib\Microsoft.Practices.ServiceLocation.dll
		lib\Microsoft.Web.Infrastructure.dll = lib\Microsoft.Web.Infrastructure.dll
		lib\Microsoft.Web.Mvc.dll = lib\Microsoft.Web.Mvc.dll
		lib\MvcContrib.dll = lib\MvcContrib.dll
		lib\MvcContrib.FluentHtml.dll = lib\MvcContrib.FluentHtml.dll
		lib\MvcContrib.TestHelper.dll = lib\MvcContrib.TestHelper.dll
		lib\Newtonsoft.Json.dll = lib\Newtonsoft.Json.dll
		lib\NHibernate.ByteCode.Castle.dll = lib\NHibernate.ByteCode.Castle.dll
		lib\NHibernate.dll = lib\NHibernate.dll
		lib\NHibernate.license.txt = lib\NHibernate.license.txt
		lib\NHibernate.Validator.dll = lib\NHibernate.Validator.dll
		lib\nunit.framework.dll = lib\nunit.framework.dll
		lib\Oracle.DataAccess.dll = lib\Oracle.DataAccess.dll
		lib\Quartz.dll = lib\Quartz.dll
		lib\Remotion.Data.Linq.dll = lib\Remotion.Data.Linq.dll
		lib\Rhino.Mocks.dll = lib\Rhino.Mocks.dll
		lib\SharpArch.dll = lib\SharpArch.dll
		lib\System.Data.SQLite.DLL = lib\System.Data.SQLite.DLL
		lib\System.Web.Abstractions.dll = lib\System.Web.Abstractions.dll
		lib\System.Web.Mvc.dll = lib\System.Web.Mvc.dll
		lib\System.Web.Razor.dll = lib\System.Web.Razor.dll
		lib\System.Web.WebPages.Deployment.dll = lib\System.Web.WebPages.Deployment.dll
		lib\System.Web.WebPages.dll = lib\System.Web.WebPages.dll
		lib\System.Web.WebPages.Razor.dll = lib\System.Web.WebPages.Razor.dll
		lib\Telerik.Web.Mvc.dll = lib\Telerik.Web.Mvc.dll
	EndProjectSection
EndProject
Project("{FAE04EC0-301F-11D3-BF4B-00C04F79EFBC}") = "Store.Core.Account", "app\Store.Core.Account\Store.Core.Account.csproj", "{3549C015-D384-4F4F-BC23-151AB8C3ABC2}"
EndProject
Project("{FAE04EC0-301F-11D3-BF4B-00C04F79EFBC}") = "Store.Data.Account", "app\Store.Data.Account\Store.Data.Account.csproj", "{202C9741-CBFA-4930-B262-F68792D6ED24}"
EndProject
Global
	GlobalSection(SubversionScc) = preSolution
		Svn-Managed = True
		Manager = AnkhSVN - Subversion Support for Visual Studio
	EndGlobalSection
	GlobalSection(SolutionConfigurationPlatforms) = preSolution
		Debug|Any CPU = Debug|Any CPU
		Debug|x64 = Debug|x64
		Debug|x86 = Debug|x86
		DEV|Any CPU = DEV|Any CPU
		DEV|x64 = DEV|x64
		DEV|x86 = DEV|x86
		Release x32|Any CPU = Release x32|Any CPU
		Release x32|x64 = Release x32|x64
		Release x32|x86 = Release x32|x86
		Release|Any CPU = Release|Any CPU
		Release|x64 = Release|x64
		Release|x86 = Release|x86
		ВГОК Release|Any CPU = ВГОК Release|Any CPU
		ВГОК Release|x64 = ВГОК Release|x64
		ВГОК Release|x86 = ВГОК Release|x86
	EndGlobalSection
	GlobalSection(ProjectConfigurationPlatforms) = postSolution
		{7696B4F6-2A10-40C4-A1E2-B9768182588C}.Debug|Any CPU.ActiveCfg = Debug|x86
		{7696B4F6-2A10-40C4-A1E2-B9768182588C}.Debug|Any CPU.Build.0 = Debug|x86
		{7696B4F6-2A10-40C4-A1E2-B9768182588C}.Debug|x64.ActiveCfg = Debug|x86
		{7696B4F6-2A10-40C4-A1E2-B9768182588C}.Debug|x64.Build.0 = Debug|x86
		{7696B4F6-2A10-40C4-A1E2-B9768182588C}.Debug|x86.ActiveCfg = Debug|x86
		{7696B4F6-2A10-40C4-A1E2-B9768182588C}.Debug|x86.Build.0 = Debug|x86
		{7696B4F6-2A10-40C4-A1E2-B9768182588C}.DEV|Any CPU.ActiveCfg = DEV|x64
		{7696B4F6-2A10-40C4-A1E2-B9768182588C}.DEV|Any CPU.Build.0 = DEV|x64
		{7696B4F6-2A10-40C4-A1E2-B9768182588C}.DEV|x64.ActiveCfg = DEV|x64
		{7696B4F6-2A10-40C4-A1E2-B9768182588C}.DEV|x64.Build.0 = DEV|x64
		{7696B4F6-2A10-40C4-A1E2-B9768182588C}.DEV|x86.ActiveCfg = DEV|x86
		{7696B4F6-2A10-40C4-A1E2-B9768182588C}.DEV|x86.Build.0 = DEV|x86
		{7696B4F6-2A10-40C4-A1E2-B9768182588C}.Release x32|Any CPU.ActiveCfg = Release x32|Any CPU
		{7696B4F6-2A10-40C4-A1E2-B9768182588C}.Release x32|Any CPU.Build.0 = Release x32|Any CPU
		{7696B4F6-2A10-40C4-A1E2-B9768182588C}.Release x32|x64.ActiveCfg = Release x32|x86
		{7696B4F6-2A10-40C4-A1E2-B9768182588C}.Release x32|x64.Build.0 = Release x32|x86
		{7696B4F6-2A10-40C4-A1E2-B9768182588C}.Release x32|x86.ActiveCfg = Release x32|x86
		{7696B4F6-2A10-40C4-A1E2-B9768182588C}.Release x32|x86.Build.0 = Release x32|x86
		{7696B4F6-2A10-40C4-A1E2-B9768182588C}.Release|Any CPU.ActiveCfg = Release|x64
		{7696B4F6-2A10-40C4-A1E2-B9768182588C}.Release|Any CPU.Build.0 = Release|x64
		{7696B4F6-2A10-40C4-A1E2-B9768182588C}.Release|x64.ActiveCfg = Release|x64
		{7696B4F6-2A10-40C4-A1E2-B9768182588C}.Release|x64.Build.0 = Release|x64
		{7696B4F6-2A10-40C4-A1E2-B9768182588C}.Release|x86.ActiveCfg = Release|x86
		{7696B4F6-2A10-40C4-A1E2-B9768182588C}.Release|x86.Build.0 = Release|x86
		{7696B4F6-2A10-40C4-A1E2-B9768182588C}.ВГОК Release|Any CPU.ActiveCfg = ВГОК Release|Any CPU
		{7696B4F6-2A10-40C4-A1E2-B9768182588C}.ВГОК Release|Any CPU.Build.0 = ВГОК Release|Any CPU
		{7696B4F6-2A10-40C4-A1E2-B9768182588C}.ВГОК Release|x64.ActiveCfg = ВГОК Release|x64
		{7696B4F6-2A10-40C4-A1E2-B9768182588C}.ВГОК Release|x64.Build.0 = ВГОК Release|x64
		{7696B4F6-2A10-40C4-A1E2-B9768182588C}.ВГОК Release|x86.ActiveCfg = ВГОК Release|x86
		{7696B4F6-2A10-40C4-A1E2-B9768182588C}.ВГОК Release|x86.Build.0 = ВГОК Release|x86
		{EA00777D-3D7A-4406-8BFB-E5A90CF0E8A9}.Debug|Any CPU.ActiveCfg = Debug|x86
		{EA00777D-3D7A-4406-8BFB-E5A90CF0E8A9}.Debug|Any CPU.Build.0 = Debug|x86
		{EA00777D-3D7A-4406-8BFB-E5A90CF0E8A9}.Debug|x64.ActiveCfg = Debug|x86
		{EA00777D-3D7A-4406-8BFB-E5A90CF0E8A9}.Debug|x64.Build.0 = Debug|x86
		{EA00777D-3D7A-4406-8BFB-E5A90CF0E8A9}.Debug|x86.ActiveCfg = Debug|x86
		{EA00777D-3D7A-4406-8BFB-E5A90CF0E8A9}.Debug|x86.Build.0 = Debug|x86
		{EA00777D-3D7A-4406-8BFB-E5A90CF0E8A9}.DEV|Any CPU.ActiveCfg = DEV|x64
		{EA00777D-3D7A-4406-8BFB-E5A90CF0E8A9}.DEV|Any CPU.Build.0 = DEV|x64
		{EA00777D-3D7A-4406-8BFB-E5A90CF0E8A9}.DEV|x64.ActiveCfg = DEV|x64
		{EA00777D-3D7A-4406-8BFB-E5A90CF0E8A9}.DEV|x64.Build.0 = DEV|x64
		{EA00777D-3D7A-4406-8BFB-E5A90CF0E8A9}.DEV|x86.ActiveCfg = DEV|x86
		{EA00777D-3D7A-4406-8BFB-E5A90CF0E8A9}.DEV|x86.Build.0 = DEV|x86
		{EA00777D-3D7A-4406-8BFB-E5A90CF0E8A9}.Release x32|Any CPU.ActiveCfg = Release x32|Any CPU
		{EA00777D-3D7A-4406-8BFB-E5A90CF0E8A9}.Release x32|Any CPU.Build.0 = Release x32|Any CPU
		{EA00777D-3D7A-4406-8BFB-E5A90CF0E8A9}.Release x32|x64.ActiveCfg = Release x32|x86
		{EA00777D-3D7A-4406-8BFB-E5A90CF0E8A9}.Release x32|x64.Build.0 = Release x32|x86
		{EA00777D-3D7A-4406-8BFB-E5A90CF0E8A9}.Release x32|x86.ActiveCfg = Release x32|x86
		{EA00777D-3D7A-4406-8BFB-E5A90CF0E8A9}.Release x32|x86.Build.0 = Release x32|x86
		{EA00777D-3D7A-4406-8BFB-E5A90CF0E8A9}.Release|Any CPU.ActiveCfg = Release|x64
		{EA00777D-3D7A-4406-8BFB-E5A90CF0E8A9}.Release|Any CPU.Build.0 = Release|x64
		{EA00777D-3D7A-4406-8BFB-E5A90CF0E8A9}.Release|x64.ActiveCfg = Release|x64
		{EA00777D-3D7A-4406-8BFB-E5A90CF0E8A9}.Release|x64.Build.0 = Release|x64
		{EA00777D-3D7A-4406-8BFB-E5A90CF0E8A9}.Release|x86.ActiveCfg = Release|x86
		{EA00777D-3D7A-4406-8BFB-E5A90CF0E8A9}.Release|x86.Build.0 = Release|x86
		{EA00777D-3D7A-4406-8BFB-E5A90CF0E8A9}.ВГОК Release|Any CPU.ActiveCfg = ВГОК Release|Any CPU
		{EA00777D-3D7A-4406-8BFB-E5A90CF0E8A9}.ВГОК Release|Any CPU.Build.0 = ВГОК Release|Any CPU
		{EA00777D-3D7A-4406-8BFB-E5A90CF0E8A9}.ВГОК Release|x64.ActiveCfg = ВГОК Release|x64
		{EA00777D-3D7A-4406-8BFB-E5A90CF0E8A9}.ВГОК Release|x64.Build.0 = ВГОК Release|x64
		{EA00777D-3D7A-4406-8BFB-E5A90CF0E8A9}.ВГОК Release|x86.ActiveCfg = ВГОК Release|x86
		{EA00777D-3D7A-4406-8BFB-E5A90CF0E8A9}.ВГОК Release|x86.Build.0 = ВГОК Release|x86
		{63E9AECE-3385-44F0-BDF9-4C01DD3C0647}.Debug|Any CPU.ActiveCfg = Debug|x86
		{63E9AECE-3385-44F0-BDF9-4C01DD3C0647}.Debug|Any CPU.Build.0 = Debug|x86
		{63E9AECE-3385-44F0-BDF9-4C01DD3C0647}.Debug|x64.ActiveCfg = Debug|x86
		{63E9AECE-3385-44F0-BDF9-4C01DD3C0647}.Debug|x64.Build.0 = Debug|x86
		{63E9AECE-3385-44F0-BDF9-4C01DD3C0647}.Debug|x86.ActiveCfg = Debug|x86
		{63E9AECE-3385-44F0-BDF9-4C01DD3C0647}.Debug|x86.Build.0 = Debug|x86
		{63E9AECE-3385-44F0-BDF9-4C01DD3C0647}.DEV|Any CPU.ActiveCfg = DEV|x64
		{63E9AECE-3385-44F0-BDF9-4C01DD3C0647}.DEV|Any CPU.Build.0 = DEV|x64
		{63E9AECE-3385-44F0-BDF9-4C01DD3C0647}.DEV|x64.ActiveCfg = DEV|x64
		{63E9AECE-3385-44F0-BDF9-4C01DD3C0647}.DEV|x64.Build.0 = DEV|x64
		{63E9AECE-3385-44F0-BDF9-4C01DD3C0647}.DEV|x86.ActiveCfg = DEV|x86
		{63E9AECE-3385-44F0-BDF9-4C01DD3C0647}.DEV|x86.Build.0 = DEV|x86
		{63E9AECE-3385-44F0-BDF9-4C01DD3C0647}.Release x32|Any CPU.ActiveCfg = Release x32|Any CPU
		{63E9AECE-3385-44F0-BDF9-4C01DD3C0647}.Release x32|Any CPU.Build.0 = Release x32|Any CPU
		{63E9AECE-3385-44F0-BDF9-4C01DD3C0647}.Release x32|x64.ActiveCfg = Release x32|x86
		{63E9AECE-3385-44F0-BDF9-4C01DD3C0647}.Release x32|x64.Build.0 = Release x32|x86
		{63E9AECE-3385-44F0-BDF9-4C01DD3C0647}.Release x32|x86.ActiveCfg = Release x32|x86
		{63E9AECE-3385-44F0-BDF9-4C01DD3C0647}.Release x32|x86.Build.0 = Release x32|x86
		{63E9AECE-3385-44F0-BDF9-4C01DD3C0647}.Release|Any CPU.ActiveCfg = Release|x64
		{63E9AECE-3385-44F0-BDF9-4C01DD3C0647}.Release|Any CPU.Build.0 = Release|x64
		{63E9AECE-3385-44F0-BDF9-4C01DD3C0647}.Release|x64.ActiveCfg = Release|x64
		{63E9AECE-3385-44F0-BDF9-4C01DD3C0647}.Release|x64.Build.0 = Release|x64
		{63E9AECE-3385-44F0-BDF9-4C01DD3C0647}.Release|x86.ActiveCfg = Release|x86
		{63E9AECE-3385-44F0-BDF9-4C01DD3C0647}.Release|x86.Build.0 = Release|x86
		{63E9AECE-3385-44F0-BDF9-4C01DD3C0647}.ВГОК Release|Any CPU.ActiveCfg = ВГОК Release|Any CPU
		{63E9AECE-3385-44F0-BDF9-4C01DD3C0647}.ВГОК Release|Any CPU.Build.0 = ВГОК Release|Any CPU
		{63E9AECE-3385-44F0-BDF9-4C01DD3C0647}.ВГОК Release|x64.ActiveCfg = ВГОК Release|x64
		{63E9AECE-3385-44F0-BDF9-4C01DD3C0647}.ВГОК Release|x64.Build.0 = ВГОК Release|x64
		{63E9AECE-3385-44F0-BDF9-4C01DD3C0647}.ВГОК Release|x86.ActiveCfg = ВГОК Release|x86
		{63E9AECE-3385-44F0-BDF9-4C01DD3C0647}.ВГОК Release|x86.Build.0 = ВГОК Release|x86
		{518B2E4B-2B9B-48EF-8736-DDB6A0F78E79}.Debug|Any CPU.ActiveCfg = Debug|x86
		{518B2E4B-2B9B-48EF-8736-DDB6A0F78E79}.Debug|Any CPU.Build.0 = Debug|x86
		{518B2E4B-2B9B-48EF-8736-DDB6A0F78E79}.Debug|x64.ActiveCfg = Debug|x86
		{518B2E4B-2B9B-48EF-8736-DDB6A0F78E79}.Debug|x64.Build.0 = Debug|x86
		{518B2E4B-2B9B-48EF-8736-DDB6A0F78E79}.Debug|x86.ActiveCfg = Debug|x86
		{518B2E4B-2B9B-48EF-8736-DDB6A0F78E79}.Debug|x86.Build.0 = Debug|x86
		{518B2E4B-2B9B-48EF-8736-DDB6A0F78E79}.DEV|Any CPU.ActiveCfg = DEV|x64
		{518B2E4B-2B9B-48EF-8736-DDB6A0F78E79}.DEV|Any CPU.Build.0 = DEV|x64
		{518B2E4B-2B9B-48EF-8736-DDB6A0F78E79}.DEV|x64.ActiveCfg = DEV|x64
		{518B2E4B-2B9B-48EF-8736-DDB6A0F78E79}.DEV|x64.Build.0 = DEV|x64
		{518B2E4B-2B9B-48EF-8736-DDB6A0F78E79}.DEV|x86.ActiveCfg = DEV|x86
		{518B2E4B-2B9B-48EF-8736-DDB6A0F78E79}.DEV|x86.Build.0 = DEV|x86
		{518B2E4B-2B9B-48EF-8736-DDB6A0F78E79}.Release x32|Any CPU.ActiveCfg = Release x32|Any CPU
		{518B2E4B-2B9B-48EF-8736-DDB6A0F78E79}.Release x32|Any CPU.Build.0 = Release x32|Any CPU
		{518B2E4B-2B9B-48EF-8736-DDB6A0F78E79}.Release x32|x64.ActiveCfg = Release x32|x86
		{518B2E4B-2B9B-48EF-8736-DDB6A0F78E79}.Release x32|x64.Build.0 = Release x32|x86
		{518B2E4B-2B9B-48EF-8736-DDB6A0F78E79}.Release x32|x86.ActiveCfg = Release x32|x86
		{518B2E4B-2B9B-48EF-8736-DDB6A0F78E79}.Release x32|x86.Build.0 = Release x32|x86
		{518B2E4B-2B9B-48EF-8736-DDB6A0F78E79}.Release|Any CPU.ActiveCfg = Release|x64
		{518B2E4B-2B9B-48EF-8736-DDB6A0F78E79}.Release|Any CPU.Build.0 = Release|x64
		{518B2E4B-2B9B-48EF-8736-DDB6A0F78E79}.Release|x64.ActiveCfg = Release|x64
		{518B2E4B-2B9B-48EF-8736-DDB6A0F78E79}.Release|x64.Build.0 = Release|x64
		{518B2E4B-2B9B-48EF-8736-DDB6A0F78E79}.Release|x86.ActiveCfg = Release|x86
		{518B2E4B-2B9B-48EF-8736-DDB6A0F78E79}.Release|x86.Build.0 = Release|x86
		{518B2E4B-2B9B-48EF-8736-DDB6A0F78E79}.ВГОК Release|Any CPU.ActiveCfg = ВГОК Release|Any CPU
		{518B2E4B-2B9B-48EF-8736-DDB6A0F78E79}.ВГОК Release|Any CPU.Build.0 = ВГОК Release|Any CPU
		{518B2E4B-2B9B-48EF-8736-DDB6A0F78E79}.ВГОК Release|x64.ActiveCfg = ВГОК Release|x64
		{518B2E4B-2B9B-48EF-8736-DDB6A0F78E79}.ВГОК Release|x64.Build.0 = ВГОК Release|x64
		{518B2E4B-2B9B-48EF-8736-DDB6A0F78E79}.ВГОК Release|x86.ActiveCfg = ВГОК Release|x86
		{518B2E4B-2B9B-48EF-8736-DDB6A0F78E79}.ВГОК Release|x86.Build.0 = ВГОК Release|x86
		{CD7332DD-EA9E-462E-8BEF-492354A7837B}.Debug|Any CPU.ActiveCfg = Debug|x86
		{CD7332DD-EA9E-462E-8BEF-492354A7837B}.Debug|Any CPU.Build.0 = Debug|x86
		{CD7332DD-EA9E-462E-8BEF-492354A7837B}.Debug|x64.ActiveCfg = Debug|x86
		{CD7332DD-EA9E-462E-8BEF-492354A7837B}.Debug|x64.Build.0 = Debug|x86
		{CD7332DD-EA9E-462E-8BEF-492354A7837B}.Debug|x86.ActiveCfg = Debug|x86
		{CD7332DD-EA9E-462E-8BEF-492354A7837B}.Debug|x86.Build.0 = Debug|x86
		{CD7332DD-EA9E-462E-8BEF-492354A7837B}.DEV|Any CPU.ActiveCfg = DEV|x64
		{CD7332DD-EA9E-462E-8BEF-492354A7837B}.DEV|Any CPU.Build.0 = DEV|x64
		{CD7332DD-EA9E-462E-8BEF-492354A7837B}.DEV|x64.ActiveCfg = DEV|x64
		{CD7332DD-EA9E-462E-8BEF-492354A7837B}.DEV|x64.Build.0 = DEV|x64
		{CD7332DD-EA9E-462E-8BEF-492354A7837B}.DEV|x86.ActiveCfg = DEV|x86
		{CD7332DD-EA9E-462E-8BEF-492354A7837B}.DEV|x86.Build.0 = DEV|x86
		{CD7332DD-EA9E-462E-8BEF-492354A7837B}.Release x32|Any CPU.ActiveCfg = Release x32|Any CPU
		{CD7332DD-EA9E-462E-8BEF-492354A7837B}.Release x32|Any CPU.Build.0 = Release x32|Any CPU
		{CD7332DD-EA9E-462E-8BEF-492354A7837B}.Release x32|x64.ActiveCfg = Release x32|x86
		{CD7332DD-EA9E-462E-8BEF-492354A7837B}.Release x32|x64.Build.0 = Release x32|x86
		{CD7332DD-EA9E-462E-8BEF-492354A7837B}.Release x32|x86.ActiveCfg = Release x32|x86
		{CD7332DD-EA9E-462E-8BEF-492354A7837B}.Release x32|x86.Build.0 = Release x32|x86
		{CD7332DD-EA9E-462E-8BEF-492354A7837B}.Release|Any CPU.ActiveCfg = Release|x64
		{CD7332DD-EA9E-462E-8BEF-492354A7837B}.Release|Any CPU.Build.0 = Release|x64
		{CD7332DD-EA9E-462E-8BEF-492354A7837B}.Release|x64.ActiveCfg = Release|x64
		{CD7332DD-EA9E-462E-8BEF-492354A7837B}.Release|x64.Build.0 = Release|x64
		{CD7332DD-EA9E-462E-8BEF-492354A7837B}.Release|x86.ActiveCfg = Release|x86
		{CD7332DD-EA9E-462E-8BEF-492354A7837B}.Release|x86.Build.0 = Release|x86
		{CD7332DD-EA9E-462E-8BEF-492354A7837B}.ВГОК Release|Any CPU.ActiveCfg = ВГОК Release|Any CPU
		{CD7332DD-EA9E-462E-8BEF-492354A7837B}.ВГОК Release|Any CPU.Build.0 = ВГОК Release|Any CPU
		{CD7332DD-EA9E-462E-8BEF-492354A7837B}.ВГОК Release|x64.ActiveCfg = ВГОК Release|x64
		{CD7332DD-EA9E-462E-8BEF-492354A7837B}.ВГОК Release|x64.Build.0 = ВГОК Release|x64
		{CD7332DD-EA9E-462E-8BEF-492354A7837B}.ВГОК Release|x86.ActiveCfg = ВГОК Release|x86
		{CD7332DD-EA9E-462E-8BEF-492354A7837B}.ВГОК Release|x86.Build.0 = ВГОК Release|x86
		{3549C015-D384-4F4F-BC23-151AB8C3ABC2}.Debug|Any CPU.ActiveCfg = Debug|x86
		{3549C015-D384-4F4F-BC23-151AB8C3ABC2}.Debug|Any CPU.Build.0 = Debug|x86
		{3549C015-D384-4F4F-BC23-151AB8C3ABC2}.Debug|x64.ActiveCfg = Debug|x86
		{3549C015-D384-4F4F-BC23-151AB8C3ABC2}.Debug|x64.Build.0 = Debug|x86
		{3549C015-D384-4F4F-BC23-151AB8C3ABC2}.Debug|x86.ActiveCfg = Debug|x86
		{3549C015-D384-4F4F-BC23-151AB8C3ABC2}.Debug|x86.Build.0 = Debug|x86
		{3549C015-D384-4F4F-BC23-151AB8C3ABC2}.DEV|Any CPU.ActiveCfg = DEV|x64
		{3549C015-D384-4F4F-BC23-151AB8C3ABC2}.DEV|Any CPU.Build.0 = DEV|x64
		{3549C015-D384-4F4F-BC23-151AB8C3ABC2}.DEV|x64.ActiveCfg = DEV|x64
		{3549C015-D384-4F4F-BC23-151AB8C3ABC2}.DEV|x64.Build.0 = DEV|x64
		{3549C015-D384-4F4F-BC23-151AB8C3ABC2}.DEV|x86.ActiveCfg = DEV|x86
		{3549C015-D384-4F4F-BC23-151AB8C3ABC2}.DEV|x86.Build.0 = DEV|x86
		{3549C015-D384-4F4F-BC23-151AB8C3ABC2}.Release x32|Any CPU.ActiveCfg = Release x32|Any CPU
		{3549C015-D384-4F4F-BC23-151AB8C3ABC2}.Release x32|Any CPU.Build.0 = Release x32|Any CPU
		{3549C015-D384-4F4F-BC23-151AB8C3ABC2}.Release x32|x64.ActiveCfg = Release x32|x86
		{3549C015-D384-4F4F-BC23-151AB8C3ABC2}.Release x32|x64.Build.0 = Release x32|x86
		{3549C015-D384-4F4F-BC23-151AB8C3ABC2}.Release x32|x86.ActiveCfg = Release x32|x86
		{3549C015-D384-4F4F-BC23-151AB8C3ABC2}.Release x32|x86.Build.0 = Release x32|x86
		{3549C015-D384-4F4F-BC23-151AB8C3ABC2}.Release|Any CPU.ActiveCfg = Release|x64
		{3549C015-D384-4F4F-BC23-151AB8C3ABC2}.Release|Any CPU.Build.0 = Release|x64
		{3549C015-D384-4F4F-BC23-151AB8C3ABC2}.Release|x64.ActiveCfg = Release|x64
		{3549C015-D384-4F4F-BC23-151AB8C3ABC2}.Release|x64.Build.0 = Release|x64
		{3549C015-D384-4F4F-BC23-151AB8C3ABC2}.Release|x86.ActiveCfg = Release|x86
		{3549C015-D384-4F4F-BC23-151AB8C3ABC2}.Release|x86.Build.0 = Release|x86
		{3549C015-D384-4F4F-BC23-151AB8C3ABC2}.ВГОК Release|Any CPU.ActiveCfg = ВГОК Release|Any CPU
		{3549C015-D384-4F4F-BC23-151AB8C3ABC2}.ВГОК Release|Any CPU.Build.0 = ВГОК Release|Any CPU
		{3549C015-D384-4F4F-BC23-151AB8C3ABC2}.ВГОК Release|x64.ActiveCfg = ВГОК Release|x64
		{3549C015-D384-4F4F-BC23-151AB8C3ABC2}.ВГОК Release|x64.Build.0 = ВГОК Release|x64
		{3549C015-D384-4F4F-BC23-151AB8C3ABC2}.ВГОК Release|x86.ActiveCfg = ВГОК Release|x86
		{3549C015-D384-4F4F-BC23-151AB8C3ABC2}.ВГОК Release|x86.Build.0 = ВГОК Release|x86
		{202C9741-CBFA-4930-B262-F68792D6ED24}.Debug|Any CPU.ActiveCfg = Debug|x86
		{202C9741-CBFA-4930-B262-F68792D6ED24}.Debug|Any CPU.Build.0 = Debug|x86
		{202C9741-CBFA-4930-B262-F68792D6ED24}.Debug|x64.ActiveCfg = Debug|x86
		{202C9741-CBFA-4930-B262-F68792D6ED24}.Debug|x64.Build.0 = Debug|x86
		{202C9741-CBFA-4930-B262-F68792D6ED24}.Debug|x86.ActiveCfg = Debug|x86
		{202C9741-CBFA-4930-B262-F68792D6ED24}.Debug|x86.Build.0 = Debug|x86
		{202C9741-CBFA-4930-B262-F68792D6ED24}.DEV|Any CPU.ActiveCfg = DEV|x64
		{202C9741-CBFA-4930-B262-F68792D6ED24}.DEV|Any CPU.Build.0 = DEV|x64
		{202C9741-CBFA-4930-B262-F68792D6ED24}.DEV|x64.ActiveCfg = DEV|x64
		{202C9741-CBFA-4930-B262-F68792D6ED24}.DEV|x64.Build.0 = DEV|x64
		{202C9741-CBFA-4930-B262-F68792D6ED24}.DEV|x86.ActiveCfg = DEV|x86
		{202C9741-CBFA-4930-B262-F68792D6ED24}.DEV|x86.Build.0 = DEV|x86
		{202C9741-CBFA-4930-B262-F68792D6ED24}.Release x32|Any CPU.ActiveCfg = Release x32|Any CPU
		{202C9741-CBFA-4930-B262-F68792D6ED24}.Release x32|Any CPU.Build.0 = Release x32|Any CPU
		{202C9741-CBFA-4930-B262-F68792D6ED24}.Release x32|x64.ActiveCfg = Release x32|x86
		{202C9741-CBFA-4930-B262-F68792D6ED24}.Release x32|x64.Build.0 = Release x32|x86
		{202C9741-CBFA-4930-B262-F68792D6ED24}.Release x32|x86.ActiveCfg = Release x32|x86
		{202C9741-CBFA-4930-B262-F68792D6ED24}.Release x32|x86.Build.0 = Release x32|x86
		{202C9741-CBFA-4930-B262-F68792D6ED24}.Release|Any CPU.ActiveCfg = Release|x64
		{202C9741-CBFA-4930-B262-F68792D6ED24}.Release|Any CPU.Build.0 = Release|x64
		{202C9741-CBFA-4930-B262-F68792D6ED24}.Release|x64.ActiveCfg = Release|x64
		{202C9741-CBFA-4930-B262-F68792D6ED24}.Release|x64.Build.0 = Release|x64
		{202C9741-CBFA-4930-B262-F68792D6ED24}.Release|x86.ActiveCfg = Release|x86
		{202C9741-CBFA-4930-B262-F68792D6ED24}.Release|x86.Build.0 = Release|x86
		{202C9741-CBFA-4930-B262-F68792D6ED24}.ВГОК Release|Any CPU.ActiveCfg = ВГОК Release|Any CPU
		{202C9741-CBFA-4930-B262-F68792D6ED24}.ВГОК Release|Any CPU.Build.0 = ВГОК Release|Any CPU
		{202C9741-CBFA-4930-B262-F68792D6ED24}.ВГОК Release|x64.ActiveCfg = ВГОК Release|x64
		{202C9741-CBFA-4930-B262-F68792D6ED24}.ВГОК Release|x64.Build.0 = ВГОК Release|x64
		{202C9741-CBFA-4930-B262-F68792D6ED24}.ВГОК Release|x86.ActiveCfg = ВГОК Release|x86
		{202C9741-CBFA-4930-B262-F68792D6ED24}.ВГОК Release|x86.Build.0 = ВГОК Release|x86
	EndGlobalSection
	GlobalSection(SolutionProperties) = preSolution
		HideSolutionNode = FALSE
	EndGlobalSection
	GlobalSection(NestedProjects) = preSolution
		{7696B4F6-2A10-40C4-A1E2-B9768182588C} = {E6A15AAD-2D86-42C0-B97E-B76B726D877C}
		{3549C015-D384-4F4F-BC23-151AB8C3ABC2} = {E6A15AAD-2D86-42C0-B97E-B76B726D877C}
		{EA00777D-3D7A-4406-8BFB-E5A90CF0E8A9} = {47B97556-4DF3-4B11-B695-EBD1F6693082}
		{63E9AECE-3385-44F0-BDF9-4C01DD3C0647} = {F666A226-7FC4-4882-A0CC-A662B1678394}
		{202C9741-CBFA-4930-B262-F68792D6ED24} = {F666A226-7FC4-4882-A0CC-A662B1678394}
		{CD7332DD-EA9E-462E-8BEF-492354A7837B} = {12F0EA81-0AA7-4385-83EF-BF345801874F}
		{518B2E4B-2B9B-48EF-8736-DDB6A0F78E79} = {12F0EA81-0AA7-4385-83EF-BF345801874F}
	EndGlobalSection
EndGlobal
